
Microsoft Visual Studio Solution File, Format Version 12.00
# Visual Studio Version 17
VisualStudioVersion = 17.7.34031.279
MinimumVisualStudioVersion = 10.0.40219.1
Project("{FAE04EC0-301F-11D3-BF4B-00C04F79EFBC}") = "KeepEating", "KeepEating\KeepEating.csproj", "{F2779122-FFDE-4CC8-8EED-4AF916F00351}"
EndProject
Global
	GlobalSection(SolutionConfigurationPlatforms) = preSolution
		Debug|Any CPU = Debug|Any CPU
		Release|Any CPU = Release|Any CPU
	EndGlobalSection
	GlobalSection(ProjectConfigurationPlatforms) = postSolution
		{F2779122-FFDE-4CC8-8EED-4AF916F00351}.Debug|Any CPU.ActiveCfg = Debug|Any CPU
		{F2779122-FFDE-4CC8-8EED-4AF916F00351}.Debug|Any CPU.Build.0 = Debug|Any CPU
		{F2779122-FFDE-4CC8-8EED-4AF916F00351}.Release|Any CPU.ActiveCfg = Release|Any CPU
		{F2779122-FFDE-4CC8-8EED-4AF916F00351}.Release|Any CPU.Build.0 = Release|Any CPU
	EndGlobalSection
	GlobalSection(SolutionProperties) = preSolution
		HideSolutionNode = FALSE
	EndGlobalSection
	GlobalSection(ExtensibilityGlobals) = postSolution
		SolutionGuid = {73AA0548-8EE4-42F3-8357-DAD597BCCDD5}
	EndGlobalSection
EndGlobal
